
Microsoft Visual Studio Solution File, Format Version 12.00
# Visual Studio 2017
Project("{FAE04EC0-301F-11D3-BF4B-00C04F79EFBC}") = "BonaUnityEssentials", "BonaUnityEssentials.csproj", "{DD9BDDE0-1215-395D-EDE7-77BC3C41C8BC}"
EndProject
Project("{FAE04EC0-301F-11D3-BF4B-00C04F79EFBC}") = "BonaUnityEssentials.Editor", "BonaUnityEssentials.Editor.csproj", "{02CA9946-48AF-E0F5-F726-93ECBF899581}"
EndProject
Global
	GlobalSection(SolutionConfigurationPlatforms) = preSolution
		Debug|Any CPU = Debug|Any CPU
		Release|Any CPU = Release|Any CPU
	EndGlobalSection
	GlobalSection(ProjectConfigurationPlatforms) = postSolution
		{DD9BDDE0-1215-395D-EDE7-77BC3C41C8BC}.Debug|Any CPU.ActiveCfg = Debug|Any CPU
		{DD9BDDE0-1215-395D-EDE7-77BC3C41C8BC}.Debug|Any CPU.Build.0 = Debug|Any CPU
		{DD9BDDE0-1215-395D-EDE7-77BC3C41C8BC}.Release|Any CPU.ActiveCfg = Release|Any CPU
		{DD9BDDE0-1215-395D-EDE7-77BC3C41C8BC}.Release|Any CPU.Build.0 = Release|Any CPU
		{02CA9946-48AF-E0F5-F726-93ECBF899581}.Debug|Any CPU.ActiveCfg = Debug|Any CPU
		{02CA9946-48AF-E0F5-F726-93ECBF899581}.Debug|Any CPU.Build.0 = Debug|Any CPU
		{02CA9946-48AF-E0F5-F726-93ECBF899581}.Release|Any CPU.ActiveCfg = Release|Any CPU
		{02CA9946-48AF-E0F5-F726-93ECBF899581}.Release|Any CPU.Build.0 = Release|Any CPU
	EndGlobalSection
	GlobalSection(SolutionProperties) = preSolution
		HideSolutionNode = FALSE
	EndGlobalSection
EndGlobal
